// !$*UTF8*$!
{
	archiveVersion = 1;
	classes = {
	};
	objectVersion = 77;
	objects = {

/* Begin PBXBuildFile section */
		5E196F592D56731000AD4AC8 /* SideSurfApp.swift in Sources */ = {isa = PBXBuildFile; fileRef = 5E196F582D56730C00AD4AC8 /* SideSurfApp.swift */; };
		5EAD088A2D56554000944328 /* Luminare in Frameworks */ = {isa = PBXBuildFile; productRef = 5EAD08892D56554000944328 /* Luminare */; };
		5EAD098C2D566AD800944328 /* LaunchAtLogin in Frameworks */ = {isa = PBXBuildFile; productRef = 5EAD098B2D566AD800944328 /* LaunchAtLogin */; };
		5EAD09C72D5671C600944328 /* Localizable.xcstrings in Resources */ = {isa = PBXBuildFile; fileRef = 5EAD09C02D5671C600944328 /* Localizable.xcstrings */; };
		5EAD09C82D5671C600944328 /* Assets.xcassets in Resources */ = {isa = PBXBuildFile; fileRef = 5EAD09BA2D5671C600944328 /* Assets.xcassets */; };
		5EAD09C92D5671C600944328 /* Preview Assets.xcassets in Resources */ = {isa = PBXBuildFile; fileRef = 5EAD09B62D5671C600944328 /* Preview Assets.xcassets */; };
		5EAD09CA2D5671C600944328 /* AboutWindowController.swift in Sources */ = {isa = PBXBuildFile; fileRef = 5EAD09B82D5671C600944328 /* AboutWindowController.swift */; };
		5EAD09CB2D5671C600944328 /* ContentView.swift in Sources */ = {isa = PBXBuildFile; fileRef = 5EAD09BD2D5671C600944328 /* ContentView.swift */; };
		5EAD09CC2D5671C600944328 /* BrowserModel.swift in Sources */ = {isa = PBXBuildFile; fileRef = 5EAD09BC2D5671C600944328 /* BrowserModel.swift */; };
		5EAD09CD2D5671C600944328 /* HistoryView.swift in Sources */ = {isa = PBXBuildFile; fileRef = 5EAD09BF2D5671C600944328 /* HistoryView.swift */; };
		5EAD09CE2D5671C600944328 /* Bookmark.swift in Sources */ = {isa = PBXBuildFile; fileRef = 5EAD09BB2D5671C600944328 /* Bookmark.swift */; };
		5EAD09D02D5671C600944328 /* VisualEffectView.swift in Sources */ = {isa = PBXBuildFile; fileRef = 5EAD09C32D5671C600944328 /* VisualEffectView.swift */; };
		5EAD09D12D5671C600944328 /* AppDelegate.swift in Sources */ = {isa = PBXBuildFile; fileRef = 5EAD09B92D5671C600944328 /* AppDelegate.swift */; };
		5EAD09D22D5671C600944328 /* StartPageView.swift in Sources */ = {isa = PBXBuildFile; fileRef = 5EAD09C22D5671C600944328 /* StartPageView.swift */; };
		5EAD09D32D5671C600944328 /* HistoryItem.swift in Sources */ = {isa = PBXBuildFile; fileRef = 5EAD09BE2D5671C600944328 /* HistoryItem.swift */; };
		5EAD09D42D5671C600944328 /* SidebarView.swift in Sources */ = {isa = PBXBuildFile; fileRef = 5EAD09C12D5671C600944328 /* SidebarView.swift */; };
/* End PBXBuildFile section */

/* Begin PBXContainerItemProxy section */
		5EDE60D02D034D6B00B723E1 /* PBXContainerItemProxy */ = {
			isa = PBXContainerItemProxy;
			containerPortal = 5EDE60B62D034D6900B723E1 /* Project object */;
			proxyType = 1;
			remoteGlobalIDString = 5EDE60BD2D034D6900B723E1;
			remoteInfo = SideSurf;
		};
		5EDE60DA2D034D6B00B723E1 /* PBXContainerItemProxy */ = {
			isa = PBXContainerItemProxy;
			containerPortal = 5EDE60B62D034D6900B723E1 /* Project object */;
			proxyType = 1;
			remoteGlobalIDString = 5EDE60BD2D034D6900B723E1;
			remoteInfo = SideSurf;
		};
/* End PBXContainerItemProxy section */

/* Begin PBXFileReference section */
		5E196F532D56725100AD4AC8 /* SideSurf.app */ = {isa = PBXFileReference; explicitFileType = wrapper.application; includeInIndex = 0; path = SideSurf.app; sourceTree = BUILT_PRODUCTS_DIR; };
		5E196F542D56725100AD4AC8 /* SideSurfTests.xctest */ = {isa = PBXFileReference; explicitFileType = wrapper.cfbundle; includeInIndex = 0; path = SideSurfTests.xctest; sourceTree = BUILT_PRODUCTS_DIR; };
		5E196F552D56725100AD4AC8 /* SideSurfUITests.xctest */ = {isa = PBXFileReference; explicitFileType = wrapper.cfbundle; includeInIndex = 0; path = SideSurfUITests.xctest; sourceTree = BUILT_PRODUCTS_DIR; };
		5E196F572D5672F400AD4AC8 /* SideSurf.entitlements */ = {isa = PBXFileReference; lastKnownFileType = text.plist.entitlements; path = SideSurf.entitlements; sourceTree = "<group>"; };
		5E196F582D56730C00AD4AC8 /* SideSurfApp.swift */ = {isa = PBXFileReference; lastKnownFileType = sourcecode.swift; path = SideSurfApp.swift; sourceTree = "<group>"; };
		5EAD09B62D5671C600944328 /* Preview Assets.xcassets */ = {isa = PBXFileReference; lastKnownFileType = folder.assetcatalog; path = "Preview Assets.xcassets"; sourceTree = "<group>"; };
		5EAD09B82D5671C600944328 /* AboutWindowController.swift */ = {isa = PBXFileReference; lastKnownFileType = sourcecode.swift; path = AboutWindowController.swift; sourceTree = "<group>"; };
		5EAD09B92D5671C600944328 /* AppDelegate.swift */ = {isa = PBXFileReference; lastKnownFileType = sourcecode.swift; path = AppDelegate.swift; sourceTree = "<group>"; };
		5EAD09BA2D5671C600944328 /* Assets.xcassets */ = {isa = PBXFileReference; lastKnownFileType = folder.assetcatalog; path = Assets.xcassets; sourceTree = "<group>"; };
		5EAD09BB2D5671C600944328 /* Bookmark.swift */ = {isa = PBXFileReference; lastKnownFileType = sourcecode.swift; path = Bookmark.swift; sourceTree = "<group>"; };
		5EAD09BC2D5671C600944328 /* BrowserModel.swift */ = {isa = PBXFileReference; lastKnownFileType = sourcecode.swift; path = BrowserModel.swift; sourceTree = "<group>"; };
		5EAD09BD2D5671C600944328 /* ContentView.swift */ = {isa = PBXFileReference; lastKnownFileType = sourcecode.swift; path = ContentView.swift; sourceTree = "<group>"; };
		5EAD09BE2D5671C600944328 /* HistoryItem.swift */ = {isa = PBXFileReference; lastKnownFileType = sourcecode.swift; path = HistoryItem.swift; sourceTree = "<group>"; };
		5EAD09BF2D5671C600944328 /* HistoryView.swift */ = {isa = PBXFileReference; lastKnownFileType = sourcecode.swift; path = HistoryView.swift; sourceTree = "<group>"; };
		5EAD09C02D5671C600944328 /* Localizable.xcstrings */ = {isa = PBXFileReference; lastKnownFileType = text.json.xcstrings; path = Localizable.xcstrings; sourceTree = "<group>"; };
		5EAD09C12D5671C600944328 /* SidebarView.swift */ = {isa = PBXFileReference; lastKnownFileType = sourcecode.swift; path = SidebarView.swift; sourceTree = "<group>"; };
		5EAD09C22D5671C600944328 /* StartPageView.swift */ = {isa = PBXFileReference; lastKnownFileType = sourcecode.swift; path = StartPageView.swift; sourceTree = "<group>"; };
		5EAD09C32D5671C600944328 /* VisualEffectView.swift */ = {isa = PBXFileReference; lastKnownFileType = sourcecode.swift; path = VisualEffectView.swift; sourceTree = "<group>"; };
/* End PBXFileReference section */

/* Begin PBXFrameworksBuildPhase section */
		5EDE60BB2D034D6900B723E1 /* Frameworks */ = {
			isa = PBXFrameworksBuildPhase;
			buildActionMask = 2147483647;
			files = (
				5EAD098C2D566AD800944328 /* LaunchAtLogin in Frameworks */,
				5EAD088A2D56554000944328 /* Luminare in Frameworks */,
			);
			runOnlyForDeploymentPostprocessing = 0;
		};
		5EDE60CC2D034D6B00B723E1 /* Frameworks */ = {
			isa = PBXFrameworksBuildPhase;
			buildActionMask = 2147483647;
			files = (
			);
			runOnlyForDeploymentPostprocessing = 0;
		};
		5EDE60D62D034D6B00B723E1 /* Frameworks */ = {
			isa = PBXFrameworksBuildPhase;
			buildActionMask = 2147483647;
			files = (
			);
			runOnlyForDeploymentPostprocessing = 0;
		};
/* End PBXFrameworksBuildPhase section */

/* Begin PBXGroup section */
		5E196F562D5672D800AD4AC8 /* SideSurf */ = {
			isa = PBXGroup;
			children = (
				5E196F582D56730C00AD4AC8 /* SideSurfApp.swift */,
				5E196F572D5672F400AD4AC8 /* SideSurf.entitlements */,
				5EAD09B72D5671C600944328 /* Preview Content */,
				5EAD09B82D5671C600944328 /* AboutWindowController.swift */,
				5EAD09B92D5671C600944328 /* AppDelegate.swift */,
				5EAD09BA2D5671C600944328 /* Assets.xcassets */,
				5EAD09BB2D5671C600944328 /* Bookmark.swift */,
				5EAD09BC2D5671C600944328 /* BrowserModel.swift */,
				5EAD09BD2D5671C600944328 /* ContentView.swift */,
				5EAD09BE2D5671C600944328 /* HistoryItem.swift */,
				5EAD09BF2D5671C600944328 /* HistoryView.swift */,
				5EAD09C02D5671C600944328 /* Localizable.xcstrings */,
				5EAD09C12D5671C600944328 /* SidebarView.swift */,
				5EAD09C22D5671C600944328 /* StartPageView.swift */,
				5EAD09C32D5671C600944328 /* VisualEffectView.swift */,
			);
			path = SideSurf;
			sourceTree = "<group>";
		};
		5EAD09B72D5671C600944328 /* Preview Content */ = {
			isa = PBXGroup;
			children = (
				5EAD09B62D5671C600944328 /* Preview Assets.xcassets */,
			);
			path = "Preview Content";
			sourceTree = "<group>";
		};
		5EDE60B52D034D6900B723E1 = {
			isa = PBXGroup;
			children = (
				5E196F562D5672D800AD4AC8 /* SideSurf */,
				5E196F532D56725100AD4AC8 /* SideSurf.app */,
				5E196F542D56725100AD4AC8 /* SideSurfTests.xctest */,
				5E196F552D56725100AD4AC8 /* SideSurfUITests.xctest */,
			);
			sourceTree = "<group>";
		};
/* End PBXGroup section */

/* Begin PBXNativeTarget section */
		5EDE60BD2D034D6900B723E1 /* SideSurf */ = {
			isa = PBXNativeTarget;
			buildConfigurationList = 5EDE60E32D034D6B00B723E1 /* Build configuration list for PBXNativeTarget "SideSurf" */;
			buildPhases = (
				5EDE60BA2D034D6900B723E1 /* Sources */,
				5EDE60BB2D034D6900B723E1 /* Frameworks */,
				5EDE60BC2D034D6900B723E1 /* Resources */,
			);
			buildRules = (
			);
			dependencies = (
			);
			name = SideSurf;
			packageProductDependencies = (
				5EAD08892D56554000944328 /* Luminare */,
				5EAD098B2D566AD800944328 /* LaunchAtLogin */,
			);
			productName = SideSurf;
			productReference = 5E196F532D56725100AD4AC8 /* SideSurf.app */;
			productType = "com.apple.product-type.application";
		};
		5EDE60CE2D034D6B00B723E1 /* SideSurfTests */ = {
			isa = PBXNativeTarget;
			buildConfigurationList = 5EDE60E62D034D6B00B723E1 /* Build configuration list for PBXNativeTarget "SideSurfTests" */;
			buildPhases = (
				5EDE60CB2D034D6B00B723E1 /* Sources */,
				5EDE60CC2D034D6B00B723E1 /* Frameworks */,
				5EDE60CD2D034D6B00B723E1 /* Resources */,
			);
			buildRules = (
			);
			dependencies = (
				5EDE60D12D034D6B00B723E1 /* PBXTargetDependency */,
			);
			name = SideSurfTests;
			packageProductDependencies = (
			);
			productName = SideSurfTests;
			productReference = 5E196F542D56725100AD4AC8 /* SideSurfTests.xctest */;
			productType = "com.apple.product-type.bundle.unit-test";
		};
		5EDE60D82D034D6B00B723E1 /* SideSurfUITests */ = {
			isa = PBXNativeTarget;
			buildConfigurationList = 5EDE60E92D034D6B00B723E1 /* Build configuration list for PBXNativeTarget "SideSurfUITests" */;
			buildPhases = (
				5EDE60D52D034D6B00B723E1 /* Sources */,
				5EDE60D62D034D6B00B723E1 /* Frameworks */,
				5EDE60D72D034D6B00B723E1 /* Resources */,
			);
			buildRules = (
			);
			dependencies = (
				5EDE60DB2D034D6B00B723E1 /* PBXTargetDependency */,
			);
			name = SideSurfUITests;
			packageProductDependencies = (
			);
			productName = SideSurfUITests;
			productReference = 5E196F552D56725100AD4AC8 /* SideSurfUITests.xctest */;
			productType = "com.apple.product-type.bundle.ui-testing";
		};
/* End PBXNativeTarget section */

/* Begin PBXProject section */
		5EDE60B62D034D6900B723E1 /* Project object */ = {
			isa = PBXProject;
			attributes = {
				BuildIndependentTargetsInParallel = 1;
				LastSwiftUpdateCheck = 1610;
				LastUpgradeCheck = 1610;
				TargetAttributes = {
					5EDE60BD2D034D6900B723E1 = {
						CreatedOnToolsVersion = 16.1;
					};
					5EDE60CE2D034D6B00B723E1 = {
						CreatedOnToolsVersion = 16.1;
						TestTargetID = 5EDE60BD2D034D6900B723E1;
					};
					5EDE60D82D034D6B00B723E1 = {
						CreatedOnToolsVersion = 16.1;
						TestTargetID = 5EDE60BD2D034D6900B723E1;
					};
				};
			};
			buildConfigurationList = 5EDE60B92D034D6900B723E1 /* Build configuration list for PBXProject "SideSurf" */;
			developmentRegion = en;
			hasScannedForEncodings = 0;
			knownRegions = (
				en,
				Base,
			);
			mainGroup = 5EDE60B52D034D6900B723E1;
			minimizedProjectReferenceProxies = 1;
			packageReferences = (
				5EAD08882D56554000944328 /* XCRemoteSwiftPackageReference "Luminare" */,
				5EAD098A2D566AD800944328 /* XCRemoteSwiftPackageReference "LaunchAtLogin-Modern" */,
			);
			preferredProjectObjectVersion = 77;
			productRefGroup = 5EDE60B52D034D6900B723E1;
			projectDirPath = "";
			projectRoot = "";
			targets = (
				5EDE60BD2D034D6900B723E1 /* SideSurf */,
				5EDE60CE2D034D6B00B723E1 /* SideSurfTests */,
				5EDE60D82D034D6B00B723E1 /* SideSurfUITests */,
			);
		};
/* End PBXProject section */

/* Begin PBXResourcesBuildPhase section */
		5EDE60BC2D034D6900B723E1 /* Resources */ = {
			isa = PBXResourcesBuildPhase;
			buildActionMask = 2147483647;
			files = (
				5EAD09C72D5671C600944328 /* Localizable.xcstrings in Resources */,
				5EAD09C82D5671C600944328 /* Assets.xcassets in Resources */,
				5EAD09C92D5671C600944328 /* Preview Assets.xcassets in Resources */,
			);
			runOnlyForDeploymentPostprocessing = 0;
		};
		5EDE60CD2D034D6B00B723E1 /* Resources */ = {
			isa = PBXResourcesBuildPhase;
			buildActionMask = 2147483647;
			files = (
			);
			runOnlyForDeploymentPostprocessing = 0;
		};
		5EDE60D72D034D6B00B723E1 /* Resources */ = {
			isa = PBXResourcesBuildPhase;
			buildActionMask = 2147483647;
			files = (
			);
			runOnlyForDeploymentPostprocessing = 0;
		};
/* End PBXResourcesBuildPhase section */

/* Begin PBXSourcesBuildPhase section */
		5EDE60BA2D034D6900B723E1 /* Sources */ = {
			isa = PBXSourcesBuildPhase;
			buildActionMask = 2147483647;
			files = (
				5EAD09CA2D5671C600944328 /* AboutWindowController.swift in Sources */,
				5EAD09CB2D5671C600944328 /* ContentView.swift in Sources */,
				5EAD09CC2D5671C600944328 /* BrowserModel.swift in Sources */,
				5EAD09CD2D5671C600944328 /* HistoryView.swift in Sources */,
				5EAD09CE2D5671C600944328 /* Bookmark.swift in Sources */,
				5EAD09D02D5671C600944328 /* VisualEffectView.swift in Sources */,
				5EAD09D12D5671C600944328 /* AppDelegate.swift in Sources */,
				5E196F592D56731000AD4AC8 /* SideSurfApp.swift in Sources */,
				5EAD09D22D5671C600944328 /* StartPageView.swift in Sources */,
				5EAD09D32D5671C600944328 /* HistoryItem.swift in Sources */,
				5EAD09D42D5671C600944328 /* SidebarView.swift in Sources */,
			);
			runOnlyForDeploymentPostprocessing = 0;
		};
		5EDE60CB2D034D6B00B723E1 /* Sources */ = {
			isa = PBXSourcesBuildPhase;
			buildActionMask = 2147483647;
			files = (
			);
			runOnlyForDeploymentPostprocessing = 0;
		};
		5EDE60D52D034D6B00B723E1 /* Sources */ = {
			isa = PBXSourcesBuildPhase;
			buildActionMask = 2147483647;
			files = (
			);
			runOnlyForDeploymentPostprocessing = 0;
		};
/* End PBXSourcesBuildPhase section */

/* Begin PBXTargetDependency section */
		5EDE60D12D034D6B00B723E1 /* PBXTargetDependency */ = {
			isa = PBXTargetDependency;
			target = 5EDE60BD2D034D6900B723E1 /* SideSurf */;
			targetProxy = 5EDE60D02D034D6B00B723E1 /* PBXContainerItemProxy */;
		};
		5EDE60DB2D034D6B00B723E1 /* PBXTargetDependency */ = {
			isa = PBXTargetDependency;
			target = 5EDE60BD2D034D6900B723E1 /* SideSurf */;
			targetProxy = 5EDE60DA2D034D6B00B723E1 /* PBXContainerItemProxy */;
		};
/* End PBXTargetDependency section */

/* Begin XCBuildConfiguration section */
		5EDE60E12D034D6B00B723E1 /* Debug */ = {
			isa = XCBuildConfiguration;
			buildSettings = {
				ALWAYS_SEARCH_USER_PATHS = NO;
				ASSETCATALOG_COMPILER_GENERATE_SWIFT_ASSET_SYMBOL_EXTENSIONS = YES;
				CLANG_ANALYZER_NONNULL = YES;
				CLANG_ANALYZER_NUMBER_OBJECT_CONVERSION = YES_AGGRESSIVE;
				CLANG_CXX_LANGUAGE_STANDARD = "gnu++20";
				CLANG_ENABLE_MODULES = YES;
				CLANG_ENABLE_OBJC_ARC = YES;
				CLANG_ENABLE_OBJC_WEAK = YES;
				CLANG_WARN_BLOCK_CAPTURE_AUTORELEASING = YES;
				CLANG_WARN_BOOL_CONVERSION = YES;
				CLANG_WARN_COMMA = YES;
				CLANG_WARN_CONSTANT_CONVERSION = YES;
				CLANG_WARN_DEPRECATED_OBJC_IMPLEMENTATIONS = YES;
				CLANG_WARN_DIRECT_OBJC_ISA_USAGE = YES_ERROR;
				CLANG_WARN_DOCUMENTATION_COMMENTS = YES;
				CLANG_WARN_EMPTY_BODY = YES;
				CLANG_WARN_ENUM_CONVERSION = YES;
				CLANG_WARN_INFINITE_RECURSION = YES;
				CLANG_WARN_INT_CONVERSION = YES;
				CLANG_WARN_NON_LITERAL_NULL_CONVERSION = YES;
				CLANG_WARN_OBJC_IMPLICIT_RETAIN_SELF = YES;
				CLANG_WARN_OBJC_LITERAL_CONVERSION = YES;
				CLANG_WARN_OBJC_ROOT_CLASS = YES_ERROR;
				CLANG_WARN_QUOTED_INCLUDE_IN_FRAMEWORK_HEADER = YES;
				CLANG_WARN_RANGE_LOOP_ANALYSIS = YES;
				CLANG_WARN_STRICT_PROTOTYPES = YES;
				CLANG_WARN_SUSPICIOUS_MOVE = YES;
				CLANG_WARN_UNGUARDED_AVAILABILITY = YES_AGGRESSIVE;
				CLANG_WARN_UNREACHABLE_CODE = YES;
				CLANG_WARN__DUPLICATE_METHOD_MATCH = YES;
				COPY_PHASE_STRIP = NO;
				DEBUG_INFORMATION_FORMAT = dwarf;
				ENABLE_STRICT_OBJC_MSGSEND = YES;
				ENABLE_TESTABILITY = YES;
				ENABLE_USER_SCRIPT_SANDBOXING = YES;
				GCC_C_LANGUAGE_STANDARD = gnu17;
				GCC_DYNAMIC_NO_PIC = NO;
				GCC_NO_COMMON_BLOCKS = YES;
				GCC_OPTIMIZATION_LEVEL = 0;
				GCC_PREPROCESSOR_DEFINITIONS = (
					"DEBUG=1",
					"$(inherited)",
				);
				GCC_WARN_64_TO_32_BIT_CONVERSION = YES;
				GCC_WARN_ABOUT_RETURN_TYPE = YES_ERROR;
				GCC_WARN_UNDECLARED_SELECTOR = YES;
				GCC_WARN_UNINITIALIZED_AUTOS = YES_AGGRESSIVE;
				GCC_WARN_UNUSED_FUNCTION = YES;
				GCC_WARN_UNUSED_VARIABLE = YES;
				LOCALIZATION_PREFERS_STRING_CATALOGS = YES;
				MACOSX_DEPLOYMENT_TARGET = 15.1;
				MTL_ENABLE_DEBUG_INFO = INCLUDE_SOURCE;
				MTL_FAST_MATH = YES;
				ONLY_ACTIVE_ARCH = YES;
				SDKROOT = macosx;
				SWIFT_ACTIVE_COMPILATION_CONDITIONS = "DEBUG $(inherited)";
				SWIFT_EMIT_LOC_STRINGS = YES;
				SWIFT_OPTIMIZATION_LEVEL = "-Onone";
			};
			name = Debug;
		};
		5EDE60E22D034D6B00B723E1 /* Release */ = {
			isa = XCBuildConfiguration;
			buildSettings = {
				ALWAYS_SEARCH_USER_PATHS = NO;
				ASSETCATALOG_COMPILER_GENERATE_SWIFT_ASSET_SYMBOL_EXTENSIONS = YES;
				CLANG_ANALYZER_NONNULL = YES;
				CLANG_ANALYZER_NUMBER_OBJECT_CONVERSION = YES_AGGRESSIVE;
				CLANG_CXX_LANGUAGE_STANDARD = "gnu++20";
				CLANG_ENABLE_MODULES = YES;
				CLANG_ENABLE_OBJC_ARC = YES;
				CLANG_ENABLE_OBJC_WEAK = YES;
				CLANG_WARN_BLOCK_CAPTURE_AUTORELEASING = YES;
				CLANG_WARN_BOOL_CONVERSION = YES;
				CLANG_WARN_COMMA = YES;
				CLANG_WARN_CONSTANT_CONVERSION = YES;
				CLANG_WARN_DEPRECATED_OBJC_IMPLEMENTATIONS = YES;
				CLANG_WARN_DIRECT_OBJC_ISA_USAGE = YES_ERROR;
				CLANG_WARN_DOCUMENTATION_COMMENTS = YES;
				CLANG_WARN_EMPTY_BODY = YES;
				CLANG_WARN_ENUM_CONVERSION = YES;
				CLANG_WARN_INFINITE_RECURSION = YES;
				CLANG_WARN_INT_CONVERSION = YES;
				CLANG_WARN_NON_LITERAL_NULL_CONVERSION = YES;
				CLANG_WARN_OBJC_IMPLICIT_RETAIN_SELF = YES;
				CLANG_WARN_OBJC_LITERAL_CONVERSION = YES;
				CLANG_WARN_OBJC_ROOT_CLASS = YES_ERROR;
				CLANG_WARN_QUOTED_INCLUDE_IN_FRAMEWORK_HEADER = YES;
				CLANG_WARN_RANGE_LOOP_ANALYSIS = YES;
				CLANG_WARN_STRICT_PROTOTYPES = YES;
				CLANG_WARN_SUSPICIOUS_MOVE = YES;
				CLANG_WARN_UNGUARDED_AVAILABILITY = YES_AGGRESSIVE;
				CLANG_WARN_UNREACHABLE_CODE = YES;
				CLANG_WARN__DUPLICATE_METHOD_MATCH = YES;
				COPY_PHASE_STRIP = NO;
				DEBUG_INFORMATION_FORMAT = "dwarf-with-dsym";
				ENABLE_NS_ASSERTIONS = NO;
				ENABLE_STRICT_OBJC_MSGSEND = YES;
				ENABLE_USER_SCRIPT_SANDBOXING = YES;
				GCC_C_LANGUAGE_STANDARD = gnu17;
				GCC_NO_COMMON_BLOCKS = YES;
				GCC_WARN_64_TO_32_BIT_CONVERSION = YES;
				GCC_WARN_ABOUT_RETURN_TYPE = YES_ERROR;
				GCC_WARN_UNDECLARED_SELECTOR = YES;
				GCC_WARN_UNINITIALIZED_AUTOS = YES_AGGRESSIVE;
				GCC_WARN_UNUSED_FUNCTION = YES;
				GCC_WARN_UNUSED_VARIABLE = YES;
				LOCALIZATION_PREFERS_STRING_CATALOGS = YES;
				MACOSX_DEPLOYMENT_TARGET = 15.1;
				MTL_ENABLE_DEBUG_INFO = NO;
				MTL_FAST_MATH = YES;
				SDKROOT = macosx;
				SWIFT_COMPILATION_MODE = wholemodule;
				SWIFT_EMIT_LOC_STRINGS = YES;
			};
			name = Release;
		};
		5EDE60E42D034D6B00B723E1 /* Debug */ = {
			isa = XCBuildConfiguration;
			buildSettings = {
				ASSETCATALOG_COMPILER_APPICON_NAME = AppIcon;
				ASSETCATALOG_COMPILER_GLOBAL_ACCENT_COLOR_NAME = AccentColor;
				CODE_SIGN_ENTITLEMENTS = SideSurf/SideSurf.entitlements;
				CODE_SIGN_STYLE = Automatic;
				COMBINE_HIDPI_IMAGES = YES;
				CURRENT_PROJECT_VERSION = 1;
				DEVELOPMENT_ASSET_PATHS = "\"SideSurf/Preview Content\"";
				DEVELOPMENT_TEAM = UCN29PZL3V;
				ENABLE_HARDENED_RUNTIME = YES;
				ENABLE_PREVIEWS = YES;
				GENERATE_INFOPLIST_FILE = YES;
				INFOPLIST_KEY_CFBundleDisplayName = SideSurf;
				INFOPLIST_KEY_LSApplicationCategoryType = "public.app-category.utilities";
				INFOPLIST_KEY_NSHumanReadableCopyright = "";
				LD_RUNPATH_SEARCH_PATHS = (
					"$(inherited)",
					"@executable_path/../Frameworks",
				);
				MACOSX_DEPLOYMENT_TARGET = 13.5;
				MARKETING_VERSION = 1.0;
				PRODUCT_BUNDLE_IDENTIFIER = ash.SideSurf;
				PRODUCT_NAME = SideSurf;
				SWIFT_EMIT_LOC_STRINGS = YES;
				SWIFT_VERSION = 5.0;
			};
			name = Debug;
		};
		5EDE60E52D034D6B00B723E1 /* Release */ = {
			isa = XCBuildConfiguration;
			buildSettings = {
				ASSETCATALOG_COMPILER_APPICON_NAME = AppIcon;
				ASSETCATALOG_COMPILER_GLOBAL_ACCENT_COLOR_NAME = AccentColor;
				CODE_SIGN_ENTITLEMENTS = SideSurf/SideSurf.entitlements;
				CODE_SIGN_STYLE = Automatic;
				COMBINE_HIDPI_IMAGES = YES;
				CURRENT_PROJECT_VERSION = 1;
				DEVELOPMENT_ASSET_PATHS = "\"SideSurf/Preview Content\"";
				DEVELOPMENT_TEAM = UCN29PZL3V;
				ENABLE_HARDENED_RUNTIME = YES;
				ENABLE_PREVIEWS = YES;
				GENERATE_INFOPLIST_FILE = YES;
				INFOPLIST_KEY_CFBundleDisplayName = SideSurf;
				INFOPLIST_KEY_LSApplicationCategoryType = "public.app-category.utilities";
				INFOPLIST_KEY_NSHumanReadableCopyright = "";
				LD_RUNPATH_SEARCH_PATHS = (
					"$(inherited)",
					"@executable_path/../Frameworks",
				);
				MACOSX_DEPLOYMENT_TARGET = 13.5;
				MARKETING_VERSION = 1.0;
				PRODUCT_BUNDLE_IDENTIFIER = ash.SideSurf;
				PRODUCT_NAME = SideSurf;
				SWIFT_EMIT_LOC_STRINGS = YES;
				SWIFT_VERSION = 5.0;
			};
			name = Release;
		};
		5EDE60E72D034D6B00B723E1 /* Debug */ = {
			isa = XCBuildConfiguration;
			buildSettings = {
				BUNDLE_LOADER = "$(TEST_HOST)";
				CODE_SIGN_STYLE = Automatic;
				CURRENT_PROJECT_VERSION = 1;
				DEVELOPMENT_TEAM = UCN29PZL3V;
				GENERATE_INFOPLIST_FILE = YES;
				MACOSX_DEPLOYMENT_TARGET = 15.1;
				MARKETING_VERSION = 1.0;
				PRODUCT_BUNDLE_IDENTIFIER = ash.SideSurfTests;
				PRODUCT_NAME = "$(TARGET_NAME)";
				SWIFT_EMIT_LOC_STRINGS = NO;
				SWIFT_VERSION = 5.0;
				TEST_HOST = "$(BUILT_PRODUCTS_DIR)/SideSurf.app/$(BUNDLE_EXECUTABLE_FOLDER_PATH)/SideSurf";
			};
			name = Debug;
		};
		5EDE60E82D034D6B00B723E1 /* Release */ = {
			isa = XCBuildConfiguration;
			buildSettings = {
				BUNDLE_LOADER = "$(TEST_HOST)";
				CODE_SIGN_STYLE = Automatic;
				CURRENT_PROJECT_VERSION = 1;
				DEVELOPMENT_TEAM = UCN29PZL3V;
				GENERATE_INFOPLIST_FILE = YES;
				MACOSX_DEPLOYMENT_TARGET = 15.1;
				MARKETING_VERSION = 1.0;
				PRODUCT_BUNDLE_IDENTIFIER = ash.SideSurfTests;
				PRODUCT_NAME = "$(TARGET_NAME)";
				SWIFT_EMIT_LOC_STRINGS = NO;
				SWIFT_VERSION = 5.0;
				TEST_HOST = "$(BUILT_PRODUCTS_DIR)/SideSurf.app/$(BUNDLE_EXECUTABLE_FOLDER_PATH)/SideSurf";
			};
			name = Release;
		};
		5EDE60EA2D034D6B00B723E1 /* Debug */ = {
			isa = XCBuildConfiguration;
			buildSettings = {
				CODE_SIGN_STYLE = Automatic;
				CURRENT_PROJECT_VERSION = 1;
				DEVELOPMENT_TEAM = UCN29PZL3V;
				GENERATE_INFOPLIST_FILE = YES;
				MARKETING_VERSION = 1.0;
				PRODUCT_BUNDLE_IDENTIFIER = ash.SideSurfUITests;
				PRODUCT_NAME = "$(TARGET_NAME)";
				SWIFT_EMIT_LOC_STRINGS = NO;
				SWIFT_VERSION = 5.0;
				TEST_TARGET_NAME = SideSurf;
			};
			name = Debug;
		};
		5EDE60EB2D034D6B00B723E1 /* Release */ = {
			isa = XCBuildConfiguration;
			buildSettings = {
				CODE_SIGN_STYLE = Automatic;
				CURRENT_PROJECT_VERSION = 1;
				DEVELOPMENT_TEAM = UCN29PZL3V;
				GENERATE_INFOPLIST_FILE = YES;
				MARKETING_VERSION = 1.0;
				PRODUCT_BUNDLE_IDENTIFIER = ash.SideSurfUITests;
				PRODUCT_NAME = "$(TARGET_NAME)";
				SWIFT_EMIT_LOC_STRINGS = NO;
				SWIFT_VERSION = 5.0;
				TEST_TARGET_NAME = SideSurf;
			};
			name = Release;
		};
/* End XCBuildConfiguration section */

/* Begin XCConfigurationList section */
		5EDE60B92D034D6900B723E1 /* Build configuration list for PBXProject "SideSurf" */ = {
			isa = XCConfigurationList;
			buildConfigurations = (
				5EDE60E12D034D6B00B723E1 /* Debug */,
				5EDE60E22D034D6B00B723E1 /* Release */,
			);
			defaultConfigurationIsVisible = 0;
			defaultConfigurationName = Release;
		};
		5EDE60E32D034D6B00B723E1 /* Build configuration list for PBXNativeTarget "SideSurf" */ = {
			isa = XCConfigurationList;
			buildConfigurations = (
				5EDE60E42D034D6B00B723E1 /* Debug */,
				5EDE60E52D034D6B00B723E1 /* Release */,
			);
			defaultConfigurationIsVisible = 0;
			defaultConfigurationName = Release;
		};
		5EDE60E62D034D6B00B723E1 /* Build configuration list for PBXNativeTarget "SideSurfTests" */ = {
			isa = XCConfigurationList;
			buildConfigurations = (
				5EDE60E72D034D6B00B723E1 /* Debug */,
				5EDE60E82D034D6B00B723E1 /* Release */,
			);
			defaultConfigurationIsVisible = 0;
			defaultConfigurationName = Release;
		};
		5EDE60E92D034D6B00B723E1 /* Build configuration list for PBXNativeTarget "SideSurfUITests" */ = {
			isa = XCConfigurationList;
			buildConfigurations = (
				5EDE60EA2D034D6B00B723E1 /* Debug */,
				5EDE60EB2D034D6B00B723E1 /* Release */,
			);
			defaultConfigurationIsVisible = 0;
			defaultConfigurationName = Release;
		};
/* End XCConfigurationList section */

/* Begin XCRemoteSwiftPackageReference section */
		5EAD08882D56554000944328 /* XCRemoteSwiftPackageReference "Luminare" */ = {
			isa = XCRemoteSwiftPackageReference;
			repositoryURL = "https://github.com/MrKai77/Luminare?tab=readme-ov-file";
			requirement = {
				branch = main;
				kind = branch;
			};
		};
		5EAD098A2D566AD800944328 /* XCRemoteSwiftPackageReference "LaunchAtLogin-Modern" */ = {
			isa = XCRemoteSwiftPackageReference;
			repositoryURL = "https://github.com/sindresorhus/LaunchAtLogin-Modern";
			requirement = {
				branch = main;
				kind = branch;
			};
		};
/* End XCRemoteSwiftPackageReference section */

/* Begin XCSwiftPackageProductDependency section */
		5EAD08892D56554000944328 /* Luminare */ = {
			isa = XCSwiftPackageProductDependency;
			package = 5EAD08882D56554000944328 /* XCRemoteSwiftPackageReference "Luminare" */;
			productName = Luminare;
		};
		5EAD098B2D566AD800944328 /* LaunchAtLogin */ = {
			isa = XCSwiftPackageProductDependency;
			package = 5EAD098A2D566AD800944328 /* XCRemoteSwiftPackageReference "LaunchAtLogin-Modern" */;
			productName = LaunchAtLogin;
		};
/* End XCSwiftPackageProductDependency section */
	};
	rootObject = 5EDE60B62D034D6900B723E1 /* Project object */;
}
