// !$*UTF8*$!
{
	archiveVersion = 1;
	classes = {
	};
	objectVersion = 77;
	objects = {

/* Begin PBXBuildFile section */
		5EAD088A2D56554000944328 /* Luminare in Frameworks */ = {isa = PBXBuildFile; productRef = 5EAD08892D56554000944328 /* Luminare */; };
		5EAD098C2D566AD800944328 /* LaunchAtLogin in Frameworks */ = {isa = PBXBuildFile; productRef = 5EAD098B2D566AD800944328 /* LaunchAtLogin */; };
/* End PBXBuildFile section */

/* Begin PBXContainerItemProxy section */
		5EDE60D02D034D6B00B723E1 /* PBXContainerItemProxy */ = {
			isa = PBXContainerItemProxy;
			containerPortal = 5EDE60B62D034D6900B723E1 /* Project object */;
			proxyType = 1;
			remoteGlobalIDString = 5EDE60BD2D034D6900B723E1;
			remoteInfo = WebSidebar;
		};
		5EDE60DA2D034D6B00B723E1 /* PBXContainerItemProxy */ = {
			isa = PBXContainerItemProxy;
			containerPortal = 5EDE60B62D034D6900B723E1 /* Project object */;
			proxyType = 1;
			remoteGlobalIDString = 5EDE60BD2D034D6900B723E1;
			remoteInfo = WebSidebar;
		};
/* End PBXContainerItemProxy section */

/* Begin PBXFileReference section */
		5EDE60BE2D034D6900B723E1 /* WebSidebar.app */ = {isa = PBXFileReference; explicitFileType = wrapper.application; includeInIndex = 0; path = WebSidebar.app; sourceTree = BUILT_PRODUCTS_DIR; };
		5EDE60CF2D034D6B00B723E1 /* WebSidebarTests.xctest */ = {isa = PBXFileReference; explicitFileType = wrapper.cfbundle; includeInIndex = 0; path = WebSidebarTests.xctest; sourceTree = BUILT_PRODUCTS_DIR; };
		5EDE60D92D034D6B00B723E1 /* WebSidebarUITests.xctest */ = {isa = PBXFileReference; explicitFileType = wrapper.cfbundle; includeInIndex = 0; path = WebSidebarUITests.xctest; sourceTree = BUILT_PRODUCTS_DIR; };
/* End PBXFileReference section */

/* Begin PBXFileSystemSynchronizedRootGroup section */
		5EDE60C02D034D6900B723E1 /* WebSidebar */ = {
			isa = PBXFileSystemSynchronizedRootGroup;
			path = WebSidebar;
			sourceTree = "<group>";
		};
		5EDE60D22D034D6B00B723E1 /* WebSidebarTests */ = {
			isa = PBXFileSystemSynchronizedRootGroup;
			path = WebSidebarTests;
			sourceTree = "<group>";
		};
		5EDE60DC2D034D6B00B723E1 /* WebSidebarUITests */ = {
			isa = PBXFileSystemSynchronizedRootGroup;
			path = WebSidebarUITests;
			sourceTree = "<group>";
		};
/* End PBXFileSystemSynchronizedRootGroup section */

/* Begin PBXFrameworksBuildPhase section */
		5EDE60BB2D034D6900B723E1 /* Frameworks */ = {
			isa = PBXFrameworksBuildPhase;
			buildActionMask = 2147483647;
			files = (
				5EAD098C2D566AD800944328 /* LaunchAtLogin in Frameworks */,
				5EAD088A2D56554000944328 /* Luminare in Frameworks */,
			);
			runOnlyForDeploymentPostprocessing = 0;
		};
		5EDE60CC2D034D6B00B723E1 /* Frameworks */ = {
			isa = PBXFrameworksBuildPhase;
			buildActionMask = 2147483647;
			files = (
			);
			runOnlyForDeploymentPostprocessing = 0;
		};
		5EDE60D62D034D6B00B723E1 /* Frameworks */ = {
			isa = PBXFrameworksBuildPhase;
			buildActionMask = 2147483647;
			files = (
			);
			runOnlyForDeploymentPostprocessing = 0;
		};
/* End PBXFrameworksBuildPhase section */

/* Begin PBXGroup section */
		5EDE60B52D034D6900B723E1 = {
			isa = PBXGroup;
			children = (
				5EDE60C02D034D6900B723E1 /* WebSidebar */,
				5EDE60D22D034D6B00B723E1 /* WebSidebarTests */,
				5EDE60DC2D034D6B00B723E1 /* WebSidebarUITests */,
				5EDE60BF2D034D6900B723E1 /* Products */,
			);
			sourceTree = "<group>";
		};
		5EDE60BF2D034D6900B723E1 /* Products */ = {
			isa = PBXGroup;
			children = (
				5EDE60BE2D034D6900B723E1 /* WebSidebar.app */,
				5EDE60CF2D034D6B00B723E1 /* WebSidebarTests.xctest */,
				5EDE60D92D034D6B00B723E1 /* WebSidebarUITests.xctest */,
			);
			name = Products;
			sourceTree = "<group>";
		};
/* End PBXGroup section */

/* Begin PBXNativeTarget section */
		5EDE60BD2D034D6900B723E1 /* WebSidebar */ = {
			isa = PBXNativeTarget;
			buildConfigurationList = 5EDE60E32D034D6B00B723E1 /* Build configuration list for PBXNativeTarget "WebSidebar" */;
			buildPhases = (
				5EDE60BA2D034D6900B723E1 /* Sources */,
				5EDE60BB2D034D6900B723E1 /* Frameworks */,
				5EDE60BC2D034D6900B723E1 /* Resources */,
			);
			buildRules = (
			);
			dependencies = (
			);
			fileSystemSynchronizedGroups = (
				5EDE60C02D034D6900B723E1 /* WebSidebar */,
			);
			name = WebSidebar;
			packageProductDependencies = (
				5EAD08892D56554000944328 /* Luminare */,
				5EAD098B2D566AD800944328 /* LaunchAtLogin */,
			);
			productName = WebSidebar;
			productReference = 5EDE60BE2D034D6900B723E1 /* WebSidebar.app */;
			productType = "com.apple.product-type.application";
		};
		5EDE60CE2D034D6B00B723E1 /* WebSidebarTests */ = {
			isa = PBXNativeTarget;
			buildConfigurationList = 5EDE60E62D034D6B00B723E1 /* Build configuration list for PBXNativeTarget "WebSidebarTests" */;
			buildPhases = (
				5EDE60CB2D034D6B00B723E1 /* Sources */,
				5EDE60CC2D034D6B00B723E1 /* Frameworks */,
				5EDE60CD2D034D6B00B723E1 /* Resources */,
			);
			buildRules = (
			);
			dependencies = (
				5EDE60D12D034D6B00B723E1 /* PBXTargetDependency */,
			);
			fileSystemSynchronizedGroups = (
				5EDE60D22D034D6B00B723E1 /* WebSidebarTests */,
			);
			name = WebSidebarTests;
			packageProductDependencies = (
			);
			productName = WebSidebarTests;
			productReference = 5EDE60CF2D034D6B00B723E1 /* WebSidebarTests.xctest */;
			productType = "com.apple.product-type.bundle.unit-test";
		};
		5EDE60D82D034D6B00B723E1 /* WebSidebarUITests */ = {
			isa = PBXNativeTarget;
			buildConfigurationList = 5EDE60E92D034D6B00B723E1 /* Build configuration list for PBXNativeTarget "WebSidebarUITests" */;
			buildPhases = (
				5EDE60D52D034D6B00B723E1 /* Sources */,
				5EDE60D62D034D6B00B723E1 /* Frameworks */,
				5EDE60D72D034D6B00B723E1 /* Resources */,
			);
			buildRules = (
			);
			dependencies = (
				5EDE60DB2D034D6B00B723E1 /* PBXTargetDependency */,
			);
			fileSystemSynchronizedGroups = (
				5EDE60DC2D034D6B00B723E1 /* WebSidebarUITests */,
			);
			name = WebSidebarUITests;
			packageProductDependencies = (
			);
			productName = WebSidebarUITests;
			productReference = 5EDE60D92D034D6B00B723E1 /* WebSidebarUITests.xctest */;
			productType = "com.apple.product-type.bundle.ui-testing";
		};
/* End PBXNativeTarget section */

/* Begin PBXProject section */
		5EDE60B62D034D6900B723E1 /* Project object */ = {
			isa = PBXProject;
			attributes = {
				BuildIndependentTargetsInParallel = 1;
				LastSwiftUpdateCheck = 1610;
				LastUpgradeCheck = 1610;
				TargetAttributes = {
					5EDE60BD2D034D6900B723E1 = {
						CreatedOnToolsVersion = 16.1;
					};
					5EDE60CE2D034D6B00B723E1 = {
						CreatedOnToolsVersion = 16.1;
						TestTargetID = 5EDE60BD2D034D6900B723E1;
					};
					5EDE60D82D034D6B00B723E1 = {
						CreatedOnToolsVersion = 16.1;
						TestTargetID = 5EDE60BD2D034D6900B723E1;
					};
				};
			};
			buildConfigurationList = 5EDE60B92D034D6900B723E1 /* Build configuration list for PBXProject "WebSidebar" */;
			developmentRegion = en;
			hasScannedForEncodings = 0;
			knownRegions = (
				en,
				Base,
			);
			mainGroup = 5EDE60B52D034D6900B723E1;
			minimizedProjectReferenceProxies = 1;
			packageReferences = (
				5EAD08882D56554000944328 /* XCRemoteSwiftPackageReference "Luminare" */,
				5EAD098A2D566AD800944328 /* XCRemoteSwiftPackageReference "LaunchAtLogin-Modern" */,
			);
			preferredProjectObjectVersion = 77;
			productRefGroup = 5EDE60BF2D034D6900B723E1 /* Products */;
			projectDirPath = "";
			projectRoot = "";
			targets = (
				5EDE60BD2D034D6900B723E1 /* WebSidebar */,
				5EDE60CE2D034D6B00B723E1 /* WebSidebarTests */,
				5EDE60D82D034D6B00B723E1 /* WebSidebarUITests */,
			);
		};
/* End PBXProject section */

/* Begin PBXResourcesBuildPhase section */
		5EDE60BC2D034D6900B723E1 /* Resources */ = {
			isa = PBXResourcesBuildPhase;
			buildActionMask = 2147483647;
			files = (
			);
			runOnlyForDeploymentPostprocessing = 0;
		};
		5EDE60CD2D034D6B00B723E1 /* Resources */ = {
			isa = PBXResourcesBuildPhase;
			buildActionMask = 2147483647;
			files = (
			);
			runOnlyForDeploymentPostprocessing = 0;
		};
		5EDE60D72D034D6B00B723E1 /* Resources */ = {
			isa = PBXResourcesBuildPhase;
			buildActionMask = 2147483647;
			files = (
			);
			runOnlyForDeploymentPostprocessing = 0;
		};
/* End PBXResourcesBuildPhase section */

/* Begin PBXSourcesBuildPhase section */
		5EDE60BA2D034D6900B723E1 /* Sources */ = {
			isa = PBXSourcesBuildPhase;
			buildActionMask = 2147483647;
			files = (
			);
			runOnlyForDeploymentPostprocessing = 0;
		};
		5EDE60CB2D034D6B00B723E1 /* Sources */ = {
			isa = PBXSourcesBuildPhase;
			buildActionMask = 2147483647;
			files = (
			);
			runOnlyForDeploymentPostprocessing = 0;
		};
		5EDE60D52D034D6B00B723E1 /* Sources */ = {
			isa = PBXSourcesBuildPhase;
			buildActionMask = 2147483647;
			files = (
			);
			runOnlyForDeploymentPostprocessing = 0;
		};
/* End PBXSourcesBuildPhase section */

/* Begin PBXTargetDependency section */
		5EDE60D12D034D6B00B723E1 /* PBXTargetDependency */ = {
			isa = PBXTargetDependency;
			target = 5EDE60BD2D034D6900B723E1 /* WebSidebar */;
			targetProxy = 5EDE60D02D034D6B00B723E1 /* PBXContainerItemProxy */;
		};
		5EDE60DB2D034D6B00B723E1 /* PBXTargetDependency */ = {
			isa = PBXTargetDependency;
			target = 5EDE60BD2D034D6900B723E1 /* WebSidebar */;
			targetProxy = 5EDE60DA2D034D6B00B723E1 /* PBXContainerItemProxy */;
		};
/* End PBXTargetDependency section */

/* Begin XCBuildConfiguration section */
		5EDE60E12D034D6B00B723E1 /* Debug */ = {
			isa = XCBuildConfiguration;
			buildSettings = {
				ALWAYS_SEARCH_USER_PATHS = NO;
				ASSETCATALOG_COMPILER_GENERATE_SWIFT_ASSET_SYMBOL_EXTENSIONS = YES;
				CLANG_ANALYZER_NONNULL = YES;
				CLANG_ANALYZER_NUMBER_OBJECT_CONVERSION = YES_AGGRESSIVE;
				CLANG_CXX_LANGUAGE_STANDARD = "gnu++20";
				CLANG_ENABLE_MODULES = YES;
				CLANG_ENABLE_OBJC_ARC = YES;
				CLANG_ENABLE_OBJC_WEAK = YES;
				CLANG_WARN_BLOCK_CAPTURE_AUTORELEASING = YES;
				CLANG_WARN_BOOL_CONVERSION = YES;
				CLANG_WARN_COMMA = YES;
				CLANG_WARN_CONSTANT_CONVERSION = YES;
				CLANG_WARN_DEPRECATED_OBJC_IMPLEMENTATIONS = YES;
				CLANG_WARN_DIRECT_OBJC_ISA_USAGE = YES_ERROR;
				CLANG_WARN_DOCUMENTATION_COMMENTS = YES;
				CLANG_WARN_EMPTY_BODY = YES;
				CLANG_WARN_ENUM_CONVERSION = YES;
				CLANG_WARN_INFINITE_RECURSION = YES;
				CLANG_WARN_INT_CONVERSION = YES;
				CLANG_WARN_NON_LITERAL_NULL_CONVERSION = YES;
				CLANG_WARN_OBJC_IMPLICIT_RETAIN_SELF = YES;
				CLANG_WARN_OBJC_LITERAL_CONVERSION = YES;
				CLANG_WARN_OBJC_ROOT_CLASS = YES_ERROR;
				CLANG_WARN_QUOTED_INCLUDE_IN_FRAMEWORK_HEADER = YES;
				CLANG_WARN_RANGE_LOOP_ANALYSIS = YES;
				CLANG_WARN_STRICT_PROTOTYPES = YES;
				CLANG_WARN_SUSPICIOUS_MOVE = YES;
				CLANG_WARN_UNGUARDED_AVAILABILITY = YES_AGGRESSIVE;
				CLANG_WARN_UNREACHABLE_CODE = YES;
				CLANG_WARN__DUPLICATE_METHOD_MATCH = YES;
				COPY_PHASE_STRIP = NO;
				DEBUG_INFORMATION_FORMAT = dwarf;
				ENABLE_STRICT_OBJC_MSGSEND = YES;
				ENABLE_TESTABILITY = YES;
				ENABLE_USER_SCRIPT_SANDBOXING = YES;
				GCC_C_LANGUAGE_STANDARD = gnu17;
				GCC_DYNAMIC_NO_PIC = NO;
				GCC_NO_COMMON_BLOCKS = YES;
				GCC_OPTIMIZATION_LEVEL = 0;
				GCC_PREPROCESSOR_DEFINITIONS = (
					"DEBUG=1",
					"$(inherited)",
				);
				GCC_WARN_64_TO_32_BIT_CONVERSION = YES;
				GCC_WARN_ABOUT_RETURN_TYPE = YES_ERROR;
				GCC_WARN_UNDECLARED_SELECTOR = YES;
				GCC_WARN_UNINITIALIZED_AUTOS = YES_AGGRESSIVE;
				GCC_WARN_UNUSED_FUNCTION = YES;
				GCC_WARN_UNUSED_VARIABLE = YES;
				LOCALIZATION_PREFERS_STRING_CATALOGS = YES;
				MACOSX_DEPLOYMENT_TARGET = 15.1;
				MTL_ENABLE_DEBUG_INFO = INCLUDE_SOURCE;
				MTL_FAST_MATH = YES;
				ONLY_ACTIVE_ARCH = YES;
				SDKROOT = macosx;
				SWIFT_ACTIVE_COMPILATION_CONDITIONS = "DEBUG $(inherited)";
				SWIFT_EMIT_LOC_STRINGS = YES;
				SWIFT_OPTIMIZATION_LEVEL = "-Onone";
			};
			name = Debug;
		};
		5EDE60E22D034D6B00B723E1 /* Release */ = {
			isa = XCBuildConfiguration;
			buildSettings = {
				ALWAYS_SEARCH_USER_PATHS = NO;
				ASSETCATALOG_COMPILER_GENERATE_SWIFT_ASSET_SYMBOL_EXTENSIONS = YES;
				CLANG_ANALYZER_NONNULL = YES;
				CLANG_ANALYZER_NUMBER_OBJECT_CONVERSION = YES_AGGRESSIVE;
				CLANG_CXX_LANGUAGE_STANDARD = "gnu++20";
				CLANG_ENABLE_MODULES = YES;
				CLANG_ENABLE_OBJC_ARC = YES;
				CLANG_ENABLE_OBJC_WEAK = YES;
				CLANG_WARN_BLOCK_CAPTURE_AUTORELEASING = YES;
				CLANG_WARN_BOOL_CONVERSION = YES;
				CLANG_WARN_COMMA = YES;
				CLANG_WARN_CONSTANT_CONVERSION = YES;
				CLANG_WARN_DEPRECATED_OBJC_IMPLEMENTATIONS = YES;
				CLANG_WARN_DIRECT_OBJC_ISA_USAGE = YES_ERROR;
				CLANG_WARN_DOCUMENTATION_COMMENTS = YES;
				CLANG_WARN_EMPTY_BODY = YES;
				CLANG_WARN_ENUM_CONVERSION = YES;
				CLANG_WARN_INFINITE_RECURSION = YES;
				CLANG_WARN_INT_CONVERSION = YES;
				CLANG_WARN_NON_LITERAL_NULL_CONVERSION = YES;
				CLANG_WARN_OBJC_IMPLICIT_RETAIN_SELF = YES;
				CLANG_WARN_OBJC_LITERAL_CONVERSION = YES;
				CLANG_WARN_OBJC_ROOT_CLASS = YES_ERROR;
				CLANG_WARN_QUOTED_INCLUDE_IN_FRAMEWORK_HEADER = YES;
				CLANG_WARN_RANGE_LOOP_ANALYSIS = YES;
				CLANG_WARN_STRICT_PROTOTYPES = YES;
				CLANG_WARN_SUSPICIOUS_MOVE = YES;
				CLANG_WARN_UNGUARDED_AVAILABILITY = YES_AGGRESSIVE;
				CLANG_WARN_UNREACHABLE_CODE = YES;
				CLANG_WARN__DUPLICATE_METHOD_MATCH = YES;
				COPY_PHASE_STRIP = NO;
				DEBUG_INFORMATION_FORMAT = "dwarf-with-dsym";
				ENABLE_NS_ASSERTIONS = NO;
				ENABLE_STRICT_OBJC_MSGSEND = YES;
				ENABLE_USER_SCRIPT_SANDBOXING = YES;
				GCC_C_LANGUAGE_STANDARD = gnu17;
				GCC_NO_COMMON_BLOCKS = YES;
				GCC_WARN_64_TO_32_BIT_CONVERSION = YES;
				GCC_WARN_ABOUT_RETURN_TYPE = YES_ERROR;
				GCC_WARN_UNDECLARED_SELECTOR = YES;
				GCC_WARN_UNINITIALIZED_AUTOS = YES_AGGRESSIVE;
				GCC_WARN_UNUSED_FUNCTION = YES;
				GCC_WARN_UNUSED_VARIABLE = YES;
				LOCALIZATION_PREFERS_STRING_CATALOGS = YES;
				MACOSX_DEPLOYMENT_TARGET = 15.1;
				MTL_ENABLE_DEBUG_INFO = NO;
				MTL_FAST_MATH = YES;
				SDKROOT = macosx;
				SWIFT_COMPILATION_MODE = wholemodule;
				SWIFT_EMIT_LOC_STRINGS = YES;
			};
			name = Release;
		};
		5EDE60E42D034D6B00B723E1 /* Debug */ = {
			isa = XCBuildConfiguration;
			buildSettings = {
				ASSETCATALOG_COMPILER_APPICON_NAME = AppIcon;
				ASSETCATALOG_COMPILER_GLOBAL_ACCENT_COLOR_NAME = AccentColor;
				CODE_SIGN_ENTITLEMENTS = WebSidebar/WebSidebar.entitlements;
				CODE_SIGN_STYLE = Automatic;
				COMBINE_HIDPI_IMAGES = YES;
				CURRENT_PROJECT_VERSION = 1;
				DEVELOPMENT_ASSET_PATHS = "\"WebSidebar/Preview Content\"";
				DEVELOPMENT_TEAM = UCN29PZL3V;
				ENABLE_HARDENED_RUNTIME = YES;
				ENABLE_PREVIEWS = YES;
				GENERATE_INFOPLIST_FILE = YES;
				INFOPLIST_KEY_NSHumanReadableCopyright = "";
				LD_RUNPATH_SEARCH_PATHS = (
					"$(inherited)",
					"@executable_path/../Frameworks",
				);
				MARKETING_VERSION = 1.0;
				PRODUCT_BUNDLE_IDENTIFIER = ash.WebSidebar;
				PRODUCT_NAME = "$(TARGET_NAME)";
				SWIFT_EMIT_LOC_STRINGS = YES;
				SWIFT_VERSION = 5.0;
			};
			name = Debug;
		};
		5EDE60E52D034D6B00B723E1 /* Release */ = {
			isa = XCBuildConfiguration;
			buildSettings = {
				ASSETCATALOG_COMPILER_APPICON_NAME = AppIcon;
				ASSETCATALOG_COMPILER_GLOBAL_ACCENT_COLOR_NAME = AccentColor;
				CODE_SIGN_ENTITLEMENTS = WebSidebar/WebSidebar.entitlements;
				CODE_SIGN_STYLE = Automatic;
				COMBINE_HIDPI_IMAGES = YES;
				CURRENT_PROJECT_VERSION = 1;
				DEVELOPMENT_ASSET_PATHS = "\"WebSidebar/Preview Content\"";
				DEVELOPMENT_TEAM = UCN29PZL3V;
				ENABLE_HARDENED_RUNTIME = YES;
				ENABLE_PREVIEWS = YES;
				GENERATE_INFOPLIST_FILE = YES;
				INFOPLIST_KEY_NSHumanReadableCopyright = "";
				LD_RUNPATH_SEARCH_PATHS = (
					"$(inherited)",
					"@executable_path/../Frameworks",
				);
				MARKETING_VERSION = 1.0;
				PRODUCT_BUNDLE_IDENTIFIER = ash.WebSidebar;
				PRODUCT_NAME = "$(TARGET_NAME)";
				SWIFT_EMIT_LOC_STRINGS = YES;
				SWIFT_VERSION = 5.0;
			};
			name = Release;
		};
		5EDE60E72D034D6B00B723E1 /* Debug */ = {
			isa = XCBuildConfiguration;
			buildSettings = {
				BUNDLE_LOADER = "$(TEST_HOST)";
				CODE_SIGN_STYLE = Automatic;
				CURRENT_PROJECT_VERSION = 1;
				DEVELOPMENT_TEAM = UCN29PZL3V;
				GENERATE_INFOPLIST_FILE = YES;
				MACOSX_DEPLOYMENT_TARGET = 15.1;
				MARKETING_VERSION = 1.0;
				PRODUCT_BUNDLE_IDENTIFIER = ash.WebSidebarTests;
				PRODUCT_NAME = "$(TARGET_NAME)";
				SWIFT_EMIT_LOC_STRINGS = NO;
				SWIFT_VERSION = 5.0;
				TEST_HOST = "$(BUILT_PRODUCTS_DIR)/WebSidebar.app/$(BUNDLE_EXECUTABLE_FOLDER_PATH)/WebSidebar";
			};
			name = Debug;
		};
		5EDE60E82D034D6B00B723E1 /* Release */ = {
			isa = XCBuildConfiguration;
			buildSettings = {
				BUNDLE_LOADER = "$(TEST_HOST)";
				CODE_SIGN_STYLE = Automatic;
				CURRENT_PROJECT_VERSION = 1;
				DEVELOPMENT_TEAM = UCN29PZL3V;
				GENERATE_INFOPLIST_FILE = YES;
				MACOSX_DEPLOYMENT_TARGET = 15.1;
				MARKETING_VERSION = 1.0;
				PRODUCT_BUNDLE_IDENTIFIER = ash.WebSidebarTests;
				PRODUCT_NAME = "$(TARGET_NAME)";
				SWIFT_EMIT_LOC_STRINGS = NO;
				SWIFT_VERSION = 5.0;
				TEST_HOST = "$(BUILT_PRODUCTS_DIR)/WebSidebar.app/$(BUNDLE_EXECUTABLE_FOLDER_PATH)/WebSidebar";
			};
			name = Release;
		};
		5EDE60EA2D034D6B00B723E1 /* Debug */ = {
			isa = XCBuildConfiguration;
			buildSettings = {
				CODE_SIGN_STYLE = Automatic;
				CURRENT_PROJECT_VERSION = 1;
				DEVELOPMENT_TEAM = UCN29PZL3V;
				GENERATE_INFOPLIST_FILE = YES;
				MARKETING_VERSION = 1.0;
				PRODUCT_BUNDLE_IDENTIFIER = ash.WebSidebarUITests;
				PRODUCT_NAME = "$(TARGET_NAME)";
				SWIFT_EMIT_LOC_STRINGS = NO;
				SWIFT_VERSION = 5.0;
				TEST_TARGET_NAME = WebSidebar;
			};
			name = Debug;
		};
		5EDE60EB2D034D6B00B723E1 /* Release */ = {
			isa = XCBuildConfiguration;
			buildSettings = {
				CODE_SIGN_STYLE = Automatic;
				CURRENT_PROJECT_VERSION = 1;
				DEVELOPMENT_TEAM = UCN29PZL3V;
				GENERATE_INFOPLIST_FILE = YES;
				MARKETING_VERSION = 1.0;
				PRODUCT_BUNDLE_IDENTIFIER = ash.WebSidebarUITests;
				PRODUCT_NAME = "$(TARGET_NAME)";
				SWIFT_EMIT_LOC_STRINGS = NO;
				SWIFT_VERSION = 5.0;
				TEST_TARGET_NAME = WebSidebar;
			};
			name = Release;
		};
/* End XCBuildConfiguration section */

/* Begin XCConfigurationList section */
		5EDE60B92D034D6900B723E1 /* Build configuration list for PBXProject "WebSidebar" */ = {
			isa = XCConfigurationList;
			buildConfigurations = (
				5EDE60E12D034D6B00B723E1 /* Debug */,
				5EDE60E22D034D6B00B723E1 /* Release */,
			);
			defaultConfigurationIsVisible = 0;
			defaultConfigurationName = Release;
		};
		5EDE60E32D034D6B00B723E1 /* Build configuration list for PBXNativeTarget "WebSidebar" */ = {
			isa = XCConfigurationList;
			buildConfigurations = (
				5EDE60E42D034D6B00B723E1 /* Debug */,
				5EDE60E52D034D6B00B723E1 /* Release */,
			);
			defaultConfigurationIsVisible = 0;
			defaultConfigurationName = Release;
		};
		5EDE60E62D034D6B00B723E1 /* Build configuration list for PBXNativeTarget "WebSidebarTests" */ = {
			isa = XCConfigurationList;
			buildConfigurations = (
				5EDE60E72D034D6B00B723E1 /* Debug */,
				5EDE60E82D034D6B00B723E1 /* Release */,
			);
			defaultConfigurationIsVisible = 0;
			defaultConfigurationName = Release;
		};
		5EDE60E92D034D6B00B723E1 /* Build configuration list for PBXNativeTarget "WebSidebarUITests" */ = {
			isa = XCConfigurationList;
			buildConfigurations = (
				5EDE60EA2D034D6B00B723E1 /* Debug */,
				5EDE60EB2D034D6B00B723E1 /* Release */,
			);
			defaultConfigurationIsVisible = 0;
			defaultConfigurationName = Release;
		};
/* End XCConfigurationList section */

/* Begin XCRemoteSwiftPackageReference section */
		5EAD08882D56554000944328 /* XCRemoteSwiftPackageReference "Luminare" */ = {
			isa = XCRemoteSwiftPackageReference;
			repositoryURL = "https://github.com/MrKai77/Luminare?tab=readme-ov-file";
			requirement = {
				branch = main;
				kind = branch;
			};
		};
		5EAD098A2D566AD800944328 /* XCRemoteSwiftPackageReference "LaunchAtLogin-Modern" */ = {
			isa = XCRemoteSwiftPackageReference;
			repositoryURL = "https://github.com/sindresorhus/LaunchAtLogin-Modern";
			requirement = {
				branch = main;
				kind = branch;
			};
		};
/* End XCRemoteSwiftPackageReference section */

/* Begin XCSwiftPackageProductDependency section */
		5EAD08892D56554000944328 /* Luminare */ = {
			isa = XCSwiftPackageProductDependency;
			package = 5EAD08882D56554000944328 /* XCRemoteSwiftPackageReference "Luminare" */;
			productName = Luminare;
		};
		5EAD098B2D566AD800944328 /* LaunchAtLogin */ = {
			isa = XCSwiftPackageProductDependency;
			package = 5EAD098A2D566AD800944328 /* XCRemoteSwiftPackageReference "LaunchAtLogin-Modern" */;
			productName = LaunchAtLogin;
		};
/* End XCSwiftPackageProductDependency section */
	};
	rootObject = 5EDE60B62D034D6900B723E1 /* Project object */;
}
